// !$*UTF8*$!
{
	archiveVersion = 1;
	classes = {
	};
	objectVersion = 46;
	objects = {

/* Begin PBXBuildFile section */
		7D5E3BDA1E53E83F00AD9312 /* AppDelegate.swift in Sources */ = {isa = PBXBuildFile; fileRef = 7D5E3BD91E53E83F00AD9312 /* AppDelegate.swift */; };
		7D5E3BDC1E53E83F00AD9312 /* ViewController.swift in Sources */ = {isa = PBXBuildFile; fileRef = 7D5E3BDB1E53E83F00AD9312 /* ViewController.swift */; };
		7D5E3BDF1E53E83F00AD9312 /* Main.storyboard in Resources */ = {isa = PBXBuildFile; fileRef = 7D5E3BDD1E53E83F00AD9312 /* Main.storyboard */; };
		7D5E3BE11E53E83F00AD9312 /* Assets.xcassets in Resources */ = {isa = PBXBuildFile; fileRef = 7D5E3BE01E53E83F00AD9312 /* Assets.xcassets */; };
		7D5E3BE41E53E83F00AD9312 /* LaunchScreen.storyboard in Resources */ = {isa = PBXBuildFile; fileRef = 7D5E3BE21E53E83F00AD9312 /* LaunchScreen.storyboard */; };
/* End PBXBuildFile section */

/* Begin PBXFileReference section */
		7D5E3BD61E53E83F00AD9312 /* Timer.app */ = {isa = PBXFileReference; explicitFileType = wrapper.application; includeInIndex = 0; path = Timer.app; sourceTree = BUILT_PRODUCTS_DIR; };
		7D5E3BD91E53E83F00AD9312 /* AppDelegate.swift */ = {isa = PBXFileReference; lastKnownFileType = sourcecode.swift; path = AppDelegate.swift; sourceTree = "<group>"; };
		7D5E3BDB1E53E83F00AD9312 /* ViewController.swift */ = {isa = PBXFileReference; lastKnownFileType = sourcecode.swift; path = ViewController.swift; sourceTree = "<group>"; };
		7D5E3BDE1E53E83F00AD9312 /* Base */ = {isa = PBXFileReference; lastKnownFileType = file.storyboard; name = Base; path = Base.lproj/Main.storyboard; sourceTree = "<group>"; };
		7D5E3BE01E53E83F00AD9312 /* Assets.xcassets */ = {isa = PBXFileReference; lastKnownFileType = folder.assetcatalog; path = Assets.xcassets; sourceTree = "<group>"; };
		7D5E3BE31E53E83F00AD9312 /* Base */ = {isa = PBXFileReference; lastKnownFileType = file.storyboard; name = Base; path = Base.lproj/LaunchScreen.storyboard; sourceTree = "<group>"; };
		7D5E3BE51E53E83F00AD9312 /* Info.plist */ = {isa = PBXFileReference; lastKnownFileType = text.plist.xml; path = Info.plist; sourceTree = "<group>"; };
/* End PBXFileReference section */

/* Begin PBXFrameworksBuildPhase section */
		7D5E3BD31E53E83F00AD9312 /* Frameworks */ = {
			isa = PBXFrameworksBuildPhase;
			buildActionMask = 2147483647;
			files = (
			);
			runOnlyForDeploymentPostprocessing = 0;
		};
/* End PBXFrameworksBuildPhase section */

/* Begin PBXGroup section */
		7D5E3BCD1E53E83F00AD9312 = {
			isa = PBXGroup;
			children = (
				7D5E3BD81E53E83F00AD9312 /* Timer */,
				7D5E3BD71E53E83F00AD9312 /* Products */,
			);
			sourceTree = "<group>";
		};
		7D5E3BD71E53E83F00AD9312 /* Products */ = {
			isa = PBXGroup;
			children = (
				7D5E3BD61E53E83F00AD9312 /* Timer.app */,
			);
			name = Products;
			sourceTree = "<group>";
		};
		7D5E3BD81E53E83F00AD9312 /* Timer */ = {
			isa = PBXGroup;
			children = (
				7D5E3BD91E53E83F00AD9312 /* AppDelegate.swift */,
				7D5E3BDB1E53E83F00AD9312 /* ViewController.swift */,
				7D5E3BDD1E53E83F00AD9312 /* Main.storyboard */,
				7D5E3BE01E53E83F00AD9312 /* Assets.xcassets */,
				7D5E3BE21E53E83F00AD9312 /* LaunchScreen.storyboard */,
				7D5E3BE51E53E83F00AD9312 /* Info.plist */,
			);
			path = Timer;
			sourceTree = "<group>";
		};
/* End PBXGroup section */

/* Begin PBXNativeTarget section */
		7D5E3BD51E53E83F00AD9312 /* Timer */ = {
			isa = PBXNativeTarget;
			buildConfigurationList = 7D5E3BE81E53E83F00AD9312 /* Build configuration list for PBXNativeTarget "Timer" */;
			buildPhases = (
				7D5E3BD21E53E83F00AD9312 /* Sources */,
				7D5E3BD31E53E83F00AD9312 /* Frameworks */,
				7D5E3BD41E53E83F00AD9312 /* Resources */,
			);
			buildRules = (
			);
			dependencies = (
			);
			name = Timer;
			productName = Timer;
			productReference = 7D5E3BD61E53E83F00AD9312 /* Timer.app */;
			productType = "com.apple.product-type.application";
		};
/* End PBXNativeTarget section */

/* Begin PBXProject section */
		7D5E3BCE1E53E83F00AD9312 /* Project object */ = {
			isa = PBXProject;
			attributes = {
				LastSwiftUpdateCheck = 0820;
				LastUpgradeCheck = 0820;
				ORGANIZATIONNAME = "Paul Baranay";
				TargetAttributes = {
					7D5E3BD51E53E83F00AD9312 = {
						CreatedOnToolsVersion = 8.2.1;
						DevelopmentTeam = V8A97WN4RG;
						ProvisioningStyle = Automatic;
					};
				};
			};
			buildConfigurationList = 7D5E3BD11E53E83F00AD9312 /* Build configuration list for PBXProject "Timer" */;
			compatibilityVersion = "Xcode 3.2";
			developmentRegion = English;
			hasScannedForEncodings = 0;
			knownRegions = (
				en,
				Base,
			);
			mainGroup = 7D5E3BCD1E53E83F00AD9312;
			productRefGroup = 7D5E3BD71E53E83F00AD9312 /* Products */;
			projectDirPath = "";
			projectRoot = "";
			targets = (
				7D5E3BD51E53E83F00AD9312 /* Timer */,
			);
		};
/* End PBXProject section */

/* Begin PBXResourcesBuildPhase section */
		7D5E3BD41E53E83F00AD9312 /* Resources */ = {
			isa = PBXResourcesBuildPhase;
			buildActionMask = 2147483647;
			files = (
				7D5E3BE41E53E83F00AD9312 /* LaunchScreen.storyboard in Resources */,
				7D5E3BE11E53E83F00AD9312 /* Assets.xcassets in Resources */,
				7D5E3BDF1E53E83F00AD9312 /* Main.storyboard in Resources */,
			);
			runOnlyForDeploymentPostprocessing = 0;
		};
/* End PBXResourcesBuildPhase section */

/* Begin PBXSourcesBuildPhase section */
		7D5E3BD21E53E83F00AD9312 /* Sources */ = {
			isa = PBXSourcesBuildPhase;
			buildActionMask = 2147483647;
			files = (
				7D5E3BDC1E53E83F00AD9312 /* ViewController.swift in Sources */,
				7D5E3BDA1E53E83F00AD9312 /* AppDelegate.swift in Sources */,
			);
			runOnlyForDeploymentPostprocessing = 0;
		};
/* End PBXSourcesBuildPhase section */

/* Begin PBXVariantGroup section */
		7D5E3BDD1E53E83F00AD9312 /* Main.storyboard */ = {
			isa = PBXVariantGroup;
			children = (
				7D5E3BDE1E53E83F00AD9312 /* Base */,
			);
			name = Main.storyboard;
			sourceTree = "<group>";
		};
		7D5E3BE21E53E83F00AD9312 /* LaunchScreen.storyboard */ = {
			isa = PBXVariantGroup;
			children = (
				7D5E3BE31E53E83F00AD9312 /* Base */,
			);
			name = LaunchScreen.storyboard;
			sourceTree = "<group>";
		};
/* End PBXVariantGroup section */

/* Begin XCBuildConfiguration section */
		7D5E3BE61E53E83F00AD9312 /* Debug */ = {
			isa = XCBuildConfiguration;
			buildSettings = {
				ALWAYS_SEARCH_USER_PATHS = NO;
				CLANG_ANALYZER_NONNULL = YES;
				CLANG_CXX_LANGUAGE_STANDARD = "gnu++0x";
				CLANG_CXX_LIBRARY = "libc++";
				CLANG_ENABLE_MODULES = YES;
				CLANG_ENABLE_OBJC_ARC = YES;
				CLANG_WARN_BOOL_CONVERSION = YES;
				CLANG_WARN_CONSTANT_CONVERSION = YES;
				CLANG_WARN_DIRECT_OBJC_ISA_USAGE = YES_ERROR;
				CLANG_WARN_DOCUMENTATION_COMMENTS = YES;
				CLANG_WARN_EMPTY_BODY = YES;
				CLANG_WARN_ENUM_CONVERSION = YES;
				CLANG_WARN_INFINITE_RECURSION = YES;
				CLANG_WARN_INT_CONVERSION = YES;
				CLANG_WARN_OBJC_ROOT_CLASS = YES_ERROR;
				CLANG_WARN_SUSPICIOUS_MOVE = YES;
				CLANG_WARN_UNREACHABLE_CODE = YES;
				CLANG_WARN__DUPLICATE_METHOD_MATCH = YES;
				"CODE_SIGN_IDENTITY[sdk=iphoneos*]" = "iPhone Developer";
				COPY_PHASE_STRIP = NO;
				DEBUG_INFORMATION_FORMAT = dwarf;
				ENABLE_STRICT_OBJC_MSGSEND = YES;
				ENABLE_TESTABILITY = YES;
				GCC_C_LANGUAGE_STANDARD = gnu99;
				GCC_DYNAMIC_NO_PIC = NO;
				GCC_NO_COMMON_BLOCKS = YES;
				GCC_OPTIMIZATION_LEVEL = 0;
				GCC_PREPROCESSOR_DEFINITIONS = (
					"DEBUG=1",
					"$(inherited)",
				);
				GCC_WARN_64_TO_32_BIT_CONVERSION = YES;
				GCC_WARN_ABOUT_RETURN_TYPE = YES_ERROR;
				GCC_WARN_UNDECLARED_SELECTOR = YES;
				GCC_WARN_UNINITIALIZED_AUTOS = YES_AGGRESSIVE;
				GCC_WARN_UNUSED_FUNCTION = YES;
				GCC_WARN_UNUSED_VARIABLE = YES;
				IPHONEOS_DEPLOYMENT_TARGET = 10.2;
				MTL_ENABLE_DEBUG_INFO = YES;
				ONLY_ACTIVE_ARCH = YES;
				SDKROOT = iphoneos;
				SWIFT_ACTIVE_COMPILATION_CONDITIONS = DEBUG;
				SWIFT_OPTIMIZATION_LEVEL = "-Onone";
				TARGETED_DEVICE_FAMILY = "1,2";
			};
			name = Debug;
		};
		7D5E3BE71E53E83F00AD9312 /* Release */ = {
			isa = XCBuildConfiguration;
			buildSettings = {
				ALWAYS_SEARCH_USER_PATHS = NO;
				CLANG_ANALYZER_NONNULL = YES;
				CLANG_CXX_LANGUAGE_STANDARD = "gnu++0x";
				CLANG_CXX_LIBRARY = "libc++";
				CLANG_ENABLE_MODULES = YES;
				CLANG_ENABLE_OBJC_ARC = YES;
				CLANG_WARN_BOOL_CONVERSION = YES;
				CLANG_WARN_CONSTANT_CONVERSION = YES;
				CLANG_WARN_DIRECT_OBJC_ISA_USAGE = YES_ERROR;
				CLANG_WARN_DOCUMENTATION_COMMENTS = YES;
				CLANG_WARN_EMPTY_BODY = YES;
				CLANG_WARN_ENUM_CONVERSION = YES;
				CLANG_WARN_INFINITE_RECURSION = YES;
				CLANG_WARN_INT_CONVERSION = YES;
				CLANG_WARN_OBJC_ROOT_CLASS = YES_ERROR;
				CLANG_WARN_SUSPICIOUS_MOVE = YES;
				CLANG_WARN_UNREACHABLE_CODE = YES;
				CLANG_WARN__DUPLICATE_METHOD_MATCH = YES;
				"CODE_SIGN_IDENTITY[sdk=iphoneos*]" = "iPhone Developer";
				COPY_PHASE_STRIP = NO;
				DEBUG_INFORMATION_FORMAT = "dwarf-with-dsym";
				ENABLE_NS_ASSERTIONS = NO;
				ENABLE_STRICT_OBJC_MSGSEND = YES;
				GCC_C_LANGUAGE_STANDARD = gnu99;
				GCC_NO_COMMON_BLOCKS = YES;
				GCC_WARN_64_TO_32_BIT_CONVERSION = YES;
				GCC_WARN_ABOUT_RETURN_TYPE = YES_ERROR;
				GCC_WARN_UNDECLARED_SELECTOR = YES;
				GCC_WARN_UNINITIALIZED_AUTOS = YES_AGGRESSIVE;
				GCC_WARN_UNUSED_FUNCTION = YES;
				GCC_WARN_UNUSED_VARIABLE = YES;
				IPHONEOS_DEPLOYMENT_TARGET = 10.2;
				MTL_ENABLE_DEBUG_INFO = NO;
				SDKROOT = iphoneos;
				SWIFT_OPTIMIZATION_LEVEL = "-Owholemodule";
				TARGETED_DEVICE_FAMILY = "1,2";
				VALIDATE_PRODUCT = YES;
			};
			name = Release;
		};
		7D5E3BE91E53E83F00AD9312 /* Debug */ = {
			isa = XCBuildConfiguration;
			buildSettings = {
				ASSETCATALOG_COMPILER_APPICON_NAME = AppIcon;
				DEVELOPMENT_TEAM = V8A97WN4RG;
				INFOPLIST_FILE = Timer/Info.plist;
				LD_RUNPATH_SEARCH_PATHS = "$(inherited) @executable_path/Frameworks";
				PRODUCT_BUNDLE_IDENTIFIER = bearz.Timer;
				PRODUCT_NAME = "$(TARGET_NAME)";
				SWIFT_VERSION = 3.0;
			};
			name = Debug;
		};
		7D5E3BEA1E53E83F00AD9312 /* Release */ = {
			isa = XCBuildConfiguration;
			buildSettings = {
				ASSETCATALOG_COMPILER_APPICON_NAME = AppIcon;
				DEVELOPMENT_TEAM = V8A97WN4RG;
				INFOPLIST_FILE = Timer/Info.plist;
				LD_RUNPATH_SEARCH_PATHS = "$(inherited) @executable_path/Frameworks";
				PRODUCT_BUNDLE_IDENTIFIER = bearz.Timer;
				PRODUCT_NAME = "$(TARGET_NAME)";
				SWIFT_VERSION = 3.0;
			};
			name = Release;
		};
/* End XCBuildConfiguration section */

/* Begin XCConfigurationList section */
		7D5E3BD11E53E83F00AD9312 /* Build configuration list for PBXProject "Timer" */ = {
			isa = XCConfigurationList;
			buildConfigurations = (
				7D5E3BE61E53E83F00AD9312 /* Debug */,
				7D5E3BE71E53E83F00AD9312 /* Release */,
			);
			defaultConfigurationIsVisible = 0;
			defaultConfigurationName = Release;
		};
		7D5E3BE81E53E83F00AD9312 /* Build configuration list for PBXNativeTarget "Timer" */ = {
			isa = XCConfigurationList;
			buildConfigurations = (
				7D5E3BE91E53E83F00AD9312 /* Debug */,
				7D5E3BEA1E53E83F00AD9312 /* Release */,
			);
			defaultConfigurationIsVisible = 0;
		};
/* End XCConfigurationList section */
	};
	rootObject = 7D5E3BCE1E53E83F00AD9312 /* Project object */;
}
